
Microsoft Visual Studio Solution File, Format Version 12.00
# Visual Studio Version 17
VisualStudioVersion = 17.1.32328.378
MinimumVisualStudioVersion = 10.0.40219.1
Project("{9A19103F-16F7-4668-BE54-9A1E7A4F7556}") = "Database 201-721", "Database 201-721\Database 201-721.csproj", "{9E616E86-7A5A-4972-B592-E5971F0FF13F}"
EndProject
Global
	GlobalSection(SolutionConfigurationPlatforms) = preSolution
		Debug|Any CPU = Debug|Any CPU
		Release|Any CPU = Release|Any CPU
	EndGlobalSection
	GlobalSection(ProjectConfigurationPlatforms) = postSolution
		{9E616E86-7A5A-4972-B592-E5971F0FF13F}.Debug|Any CPU.ActiveCfg = Debug|Any CPU
		{9E616E86-7A5A-4972-B592-E5971F0FF13F}.Debug|Any CPU.Build.0 = Debug|Any CPU
		{9E616E86-7A5A-4972-B592-E5971F0FF13F}.Release|Any CPU.ActiveCfg = Release|Any CPU
		{9E616E86-7A5A-4972-B592-E5971F0FF13F}.Release|Any CPU.Build.0 = Release|Any CPU
	EndGlobalSection
	GlobalSection(SolutionProperties) = preSolution
		HideSolutionNode = FALSE
	EndGlobalSection
	GlobalSection(ExtensibilityGlobals) = postSolution
		SolutionGuid = {B0808654-DBC0-4390-8E4C-2C4F2A9705B5}
	EndGlobalSection
EndGlobal
